// !$*UTF8*$!
{
	archiveVersion = 1;
	classes = {
	};
	objectVersion = 51;
	objects = {

/* Begin PBXBuildFile section */
		0476889A256DDC63005ABF79 /* NoteTakerApp.swift in Sources */ = {isa = PBXBuildFile; fileRef = 04768899256DDC63005ABF79 /* NoteTakerApp.swift */; };
		0476889C256DDC63005ABF79 /* ContentView.swift in Sources */ = {isa = PBXBuildFile; fileRef = 0476889B256DDC63005ABF79 /* ContentView.swift */; };
		0476889E256DDC67005ABF79 /* Assets.xcassets in Resources */ = {isa = PBXBuildFile; fileRef = 0476889D256DDC67005ABF79 /* Assets.xcassets */; };
		047688A1256DDC67005ABF79 /* Preview Assets.xcassets in Resources */ = {isa = PBXBuildFile; fileRef = 047688A0256DDC67005ABF79 /* Preview Assets.xcassets */; };
		047688AB256DE296005ABF79 /* Note.swift in Sources */ = {isa = PBXBuildFile; fileRef = 047688AA256DE296005ABF79 /* Note.swift */; };
		047688B2256DE7AF005ABF79 /* NotesList.swift in Sources */ = {isa = PBXBuildFile; fileRef = 047688B1256DE7AF005ABF79 /* NotesList.swift */; };
		047688B5256E0022005ABF79 /* EditorView.swift in Sources */ = {isa = PBXBuildFile; fileRef = 047688B4256E0022005ABF79 /* EditorView.swift */; };
		047688B9256E46AB005ABF79 /* GoogleService-Info.plist in Resources */ = {isa = PBXBuildFile; fileRef = 047688B8256E46AB005ABF79 /* GoogleService-Info.plist */; };
		04768924256F35CD005ABF79 /* Styles.swift in Sources */ = {isa = PBXBuildFile; fileRef = 04768923256F35CD005ABF79 /* Styles.swift */; };
		826620E8B33C1BDD581FC2BB /* Pods_NoteTaker.framework in Frameworks */ = {isa = PBXBuildFile; fileRef = D36935D424D57C13FD8617C4 /* Pods_NoteTaker.framework */; };
/* End PBXBuildFile section */

/* Begin PBXFileReference section */
		04768896256DDC63005ABF79 /* NoteTaker.app */ = {isa = PBXFileReference; explicitFileType = wrapper.application; includeInIndex = 0; path = NoteTaker.app; sourceTree = BUILT_PRODUCTS_DIR; };
		04768899256DDC63005ABF79 /* NoteTakerApp.swift */ = {isa = PBXFileReference; lastKnownFileType = sourcecode.swift; path = NoteTakerApp.swift; sourceTree = "<group>"; };
		0476889B256DDC63005ABF79 /* ContentView.swift */ = {isa = PBXFileReference; lastKnownFileType = sourcecode.swift; path = ContentView.swift; sourceTree = "<group>"; };
		0476889D256DDC67005ABF79 /* Assets.xcassets */ = {isa = PBXFileReference; lastKnownFileType = folder.assetcatalog; path = Assets.xcassets; sourceTree = "<group>"; };
		047688A0256DDC67005ABF79 /* Preview Assets.xcassets */ = {isa = PBXFileReference; lastKnownFileType = folder.assetcatalog; path = "Preview Assets.xcassets"; sourceTree = "<group>"; };
		047688A2256DDC67005ABF79 /* Info.plist */ = {isa = PBXFileReference; lastKnownFileType = text.plist.xml; path = Info.plist; sourceTree = "<group>"; };
		047688AA256DE296005ABF79 /* Note.swift */ = {isa = PBXFileReference; lastKnownFileType = sourcecode.swift; path = Note.swift; sourceTree = "<group>"; };
		047688B1256DE7AF005ABF79 /* NotesList.swift */ = {isa = PBXFileReference; lastKnownFileType = sourcecode.swift; path = NotesList.swift; sourceTree = "<group>"; };
		047688B4256E0022005ABF79 /* EditorView.swift */ = {isa = PBXFileReference; lastKnownFileType = sourcecode.swift; path = EditorView.swift; sourceTree = "<group>"; };
		047688B8256E46AB005ABF79 /* GoogleService-Info.plist */ = {isa = PBXFileReference; fileEncoding = 4; lastKnownFileType = text.plist.xml; name = "GoogleService-Info.plist"; path = "../../../../Downloads/GoogleService-Info.plist"; sourceTree = "<group>"; };
		04768923256F35CD005ABF79 /* Styles.swift */ = {isa = PBXFileReference; lastKnownFileType = sourcecode.swift; path = Styles.swift; sourceTree = "<group>"; };
		AD215ED13AA6439090B825FD /* Pods-NoteTaker.release.xcconfig */ = {isa = PBXFileReference; includeInIndex = 1; lastKnownFileType = text.xcconfig; name = "Pods-NoteTaker.release.xcconfig"; path = "Target Support Files/Pods-NoteTaker/Pods-NoteTaker.release.xcconfig"; sourceTree = "<group>"; };
		C78A295FA52120D387F53EDF /* Pods-NoteTaker.debug.xcconfig */ = {isa = PBXFileReference; includeInIndex = 1; lastKnownFileType = text.xcconfig; name = "Pods-NoteTaker.debug.xcconfig"; path = "Target Support Files/Pods-NoteTaker/Pods-NoteTaker.debug.xcconfig"; sourceTree = "<group>"; };
		D36935D424D57C13FD8617C4 /* Pods_NoteTaker.framework */ = {isa = PBXFileReference; explicitFileType = wrapper.framework; includeInIndex = 0; path = Pods_NoteTaker.framework; sourceTree = BUILT_PRODUCTS_DIR; };
/* End PBXFileReference section */

/* Begin PBXFrameworksBuildPhase section */
		04768893256DDC63005ABF79 /* Frameworks */ = {
			isa = PBXFrameworksBuildPhase;
			buildActionMask = 2147483647;
			files = (
				826620E8B33C1BDD581FC2BB /* Pods_NoteTaker.framework in Frameworks */,
			);
			runOnlyForDeploymentPostprocessing = 0;
		};
/* End PBXFrameworksBuildPhase section */

/* Begin PBXGroup section */
		0476888D256DDC62005ABF79 = {
			isa = PBXGroup;
			children = (
				04768898256DDC63005ABF79 /* NoteTaker */,
				04768897256DDC63005ABF79 /* Products */,
				96E29C63A7B066EC0A06A8D1 /* Pods */,
				7889924CB0884107F0CCDE68 /* Frameworks */,
			);
			sourceTree = "<group>";
		};
		04768897256DDC63005ABF79 /* Products */ = {
			isa = PBXGroup;
			children = (
				04768896256DDC63005ABF79 /* NoteTaker.app */,
			);
			name = Products;
			sourceTree = "<group>";
		};
		04768898256DDC63005ABF79 /* NoteTaker */ = {
			isa = PBXGroup;
			children = (
				04768922256F35B5005ABF79 /* Helpers */,
				047688A9256DE273005ABF79 /* Models */,
				04768899256DDC63005ABF79 /* NoteTakerApp.swift */,
				0476889B256DDC63005ABF79 /* ContentView.swift */,
				047688B4256E0022005ABF79 /* EditorView.swift */,
				0476889D256DDC67005ABF79 /* Assets.xcassets */,
				047688A2256DDC67005ABF79 /* Info.plist */,
				047688B8256E46AB005ABF79 /* GoogleService-Info.plist */,
				0476889F256DDC67005ABF79 /* Preview Content */,
			);
			path = NoteTaker;
			sourceTree = "<group>";
		};
		0476889F256DDC67005ABF79 /* Preview Content */ = {
			isa = PBXGroup;
			children = (
				047688A0256DDC67005ABF79 /* Preview Assets.xcassets */,
			);
			path = "Preview Content";
			sourceTree = "<group>";
		};
		047688A9256DE273005ABF79 /* Models */ = {
			isa = PBXGroup;
			children = (
				047688AA256DE296005ABF79 /* Note.swift */,
				047688B1256DE7AF005ABF79 /* NotesList.swift */,
			);
			path = Models;
			sourceTree = "<group>";
		};
		04768922256F35B5005ABF79 /* Helpers */ = {
			isa = PBXGroup;
			children = (
				04768923256F35CD005ABF79 /* Styles.swift */,
			);
			path = Helpers;
			sourceTree = "<group>";
		};
		7889924CB0884107F0CCDE68 /* Frameworks */ = {
			isa = PBXGroup;
			children = (
				D36935D424D57C13FD8617C4 /* Pods_NoteTaker.framework */,
			);
			name = Frameworks;
			sourceTree = "<group>";
		};
		96E29C63A7B066EC0A06A8D1 /* Pods */ = {
			isa = PBXGroup;
			children = (
				C78A295FA52120D387F53EDF /* Pods-NoteTaker.debug.xcconfig */,
				AD215ED13AA6439090B825FD /* Pods-NoteTaker.release.xcconfig */,
			);
			path = Pods;
			sourceTree = "<group>";
		};
/* End PBXGroup section */

/* Begin PBXNativeTarget section */
		04768895256DDC63005ABF79 /* NoteTaker */ = {
			isa = PBXNativeTarget;
			buildConfigurationList = 047688A5256DDC67005ABF79 /* Build configuration list for PBXNativeTarget "NoteTaker" */;
			buildPhases = (
				EA4B275702080B7DD34016C4 /* [CP] Check Pods Manifest.lock */,
				04768892256DDC63005ABF79 /* Sources */,
				04768893256DDC63005ABF79 /* Frameworks */,
				04768894256DDC63005ABF79 /* Resources */,
				8D5FBFDDB6762B0669E4E923 /* [CP] Embed Pods Frameworks */,
			);
			buildRules = (
			);
			dependencies = (
			);
			name = NoteTaker;
			productName = NoteTaker;
			productReference = 04768896256DDC63005ABF79 /* NoteTaker.app */;
			productType = "com.apple.product-type.application";
		};
/* End PBXNativeTarget section */

/* Begin PBXProject section */
		0476888E256DDC62005ABF79 /* Project object */ = {
			isa = PBXProject;
			attributes = {
				LastSwiftUpdateCheck = 1220;
				LastUpgradeCheck = 1220;
				TargetAttributes = {
					04768895256DDC63005ABF79 = {
						CreatedOnToolsVersion = 12.2;
					};
				};
			};
			buildConfigurationList = 04768891256DDC62005ABF79 /* Build configuration list for PBXProject "NoteTaker" */;
			compatibilityVersion = "Xcode 9.3";
			developmentRegion = en;
			hasScannedForEncodings = 0;
			knownRegions = (
				en,
				Base,
			);
			mainGroup = 0476888D256DDC62005ABF79;
			productRefGroup = 04768897256DDC63005ABF79 /* Products */;
			projectDirPath = "";
			projectRoot = "";
			targets = (
				04768895256DDC63005ABF79 /* NoteTaker */,
			);
		};
/* End PBXProject section */

/* Begin PBXResourcesBuildPhase section */
		04768894256DDC63005ABF79 /* Resources */ = {
			isa = PBXResourcesBuildPhase;
			buildActionMask = 2147483647;
			files = (
				047688A1256DDC67005ABF79 /* Preview Assets.xcassets in Resources */,
				0476889E256DDC67005ABF79 /* Assets.xcassets in Resources */,
				047688B9256E46AB005ABF79 /* GoogleService-Info.plist in Resources */,
			);
			runOnlyForDeploymentPostprocessing = 0;
		};
/* End PBXResourcesBuildPhase section */

/* Begin PBXShellScriptBuildPhase section */
		8D5FBFDDB6762B0669E4E923 /* [CP] Embed Pods Frameworks */ = {
			isa = PBXShellScriptBuildPhase;
			buildActionMask = 2147483647;
			files = (
			);
			inputFileListPaths = (
				"${PODS_ROOT}/Target Support Files/Pods-NoteTaker/Pods-NoteTaker-frameworks-${CONFIGURATION}-input-files.xcfilelist",
			);
			name = "[CP] Embed Pods Frameworks";
			outputFileListPaths = (
				"${PODS_ROOT}/Target Support Files/Pods-NoteTaker/Pods-NoteTaker-frameworks-${CONFIGURATION}-output-files.xcfilelist",
			);
			runOnlyForDeploymentPostprocessing = 0;
			shellPath = /bin/sh;
			shellScript = "\"${PODS_ROOT}/Target Support Files/Pods-NoteTaker/Pods-NoteTaker-frameworks.sh\"\n";
			showEnvVarsInLog = 0;
		};
		EA4B275702080B7DD34016C4 /* [CP] Check Pods Manifest.lock */ = {
			isa = PBXShellScriptBuildPhase;
			buildActionMask = 2147483647;
			files = (
			);
			inputFileListPaths = (
			);
			inputPaths = (
				"${PODS_PODFILE_DIR_PATH}/Podfile.lock",
				"${PODS_ROOT}/Manifest.lock",
			);
			name = "[CP] Check Pods Manifest.lock";
			outputFileListPaths = (
			);
			outputPaths = (
				"$(DERIVED_FILE_DIR)/Pods-NoteTaker-checkManifestLockResult.txt",
			);
			runOnlyForDeploymentPostprocessing = 0;
			shellPath = /bin/sh;
			shellScript = "diff \"${PODS_PODFILE_DIR_PATH}/Podfile.lock\" \"${PODS_ROOT}/Manifest.lock\" > /dev/null\nif [ $? != 0 ] ; then\n    # print error to STDERR\n    echo \"error: The sandbox is not in sync with the Podfile.lock. Run 'pod install' or update your CocoaPods installation.\" >&2\n    exit 1\nfi\n# This output is used by Xcode 'outputs' to avoid re-running this script phase.\necho \"SUCCESS\" > \"${SCRIPT_OUTPUT_FILE_0}\"\n";
			showEnvVarsInLog = 0;
		};
/* End PBXShellScriptBuildPhase section */

/* Begin PBXSourcesBuildPhase section */
		04768892256DDC63005ABF79 /* Sources */ = {
			isa = PBXSourcesBuildPhase;
			buildActionMask = 2147483647;
			files = (
				0476889C256DDC63005ABF79 /* ContentView.swift in Sources */,
				0476889A256DDC63005ABF79 /* NoteTakerApp.swift in Sources */,
				047688AB256DE296005ABF79 /* Note.swift in Sources */,
				04768924256F35CD005ABF79 /* Styles.swift in Sources */,
				047688B2256DE7AF005ABF79 /* NotesList.swift in Sources */,
				047688B5256E0022005ABF79 /* EditorView.swift in Sources */,
			);
			runOnlyForDeploymentPostprocessing = 0;
		};
/* End PBXSourcesBuildPhase section */

/* Begin XCBuildConfiguration section */
		047688A3256DDC67005ABF79 /* Debug */ = {
			isa = XCBuildConfiguration;
			buildSettings = {
				ALWAYS_SEARCH_USER_PATHS = NO;
				CLANG_ANALYZER_NONNULL = YES;
				CLANG_ANALYZER_NUMBER_OBJECT_CONVERSION = YES_AGGRESSIVE;
				CLANG_CXX_LANGUAGE_STANDARD = "gnu++14";
				CLANG_CXX_LIBRARY = "libc++";
				CLANG_ENABLE_MODULES = YES;
				CLANG_ENABLE_OBJC_ARC = YES;
				CLANG_ENABLE_OBJC_WEAK = YES;
				CLANG_WARN_BLOCK_CAPTURE_AUTORELEASING = YES;
				CLANG_WARN_BOOL_CONVERSION = YES;
				CLANG_WARN_COMMA = YES;
				CLANG_WARN_CONSTANT_CONVERSION = YES;
				CLANG_WARN_DEPRECATED_OBJC_IMPLEMENTATIONS = YES;
				CLANG_WARN_DIRECT_OBJC_ISA_USAGE = YES_ERROR;
				CLANG_WARN_DOCUMENTATION_COMMENTS = YES;
				CLANG_WARN_EMPTY_BODY = YES;
				CLANG_WARN_ENUM_CONVERSION = YES;
				CLANG_WARN_INFINITE_RECURSION = YES;
				CLANG_WARN_INT_CONVERSION = YES;
				CLANG_WARN_NON_LITERAL_NULL_CONVERSION = YES;
				CLANG_WARN_OBJC_IMPLICIT_RETAIN_SELF = YES;
				CLANG_WARN_OBJC_LITERAL_CONVERSION = YES;
				CLANG_WARN_OBJC_ROOT_CLASS = YES_ERROR;
				CLANG_WARN_QUOTED_INCLUDE_IN_FRAMEWORK_HEADER = YES;
				CLANG_WARN_RANGE_LOOP_ANALYSIS = YES;
				CLANG_WARN_STRICT_PROTOTYPES = YES;
				CLANG_WARN_SUSPICIOUS_MOVE = YES;
				CLANG_WARN_UNGUARDED_AVAILABILITY = YES_AGGRESSIVE;
				CLANG_WARN_UNREACHABLE_CODE = YES;
				CLANG_WARN__DUPLICATE_METHOD_MATCH = YES;
				COPY_PHASE_STRIP = NO;
				DEBUG_INFORMATION_FORMAT = dwarf;
				ENABLE_STRICT_OBJC_MSGSEND = YES;
				ENABLE_TESTABILITY = YES;
				GCC_C_LANGUAGE_STANDARD = gnu11;
				GCC_DYNAMIC_NO_PIC = NO;
				GCC_NO_COMMON_BLOCKS = YES;
				GCC_OPTIMIZATION_LEVEL = 0;
				GCC_PREPROCESSOR_DEFINITIONS = (
					"DEBUG=1",
					"$(inherited)",
				);
				GCC_WARN_64_TO_32_BIT_CONVERSION = YES;
				GCC_WARN_ABOUT_RETURN_TYPE = YES_ERROR;
				GCC_WARN_UNDECLARED_SELECTOR = YES;
				GCC_WARN_UNINITIALIZED_AUTOS = YES_AGGRESSIVE;
				GCC_WARN_UNUSED_FUNCTION = YES;
				GCC_WARN_UNUSED_VARIABLE = YES;
				IPHONEOS_DEPLOYMENT_TARGET = 14.2;
				MTL_ENABLE_DEBUG_INFO = INCLUDE_SOURCE;
				MTL_FAST_MATH = YES;
				ONLY_ACTIVE_ARCH = YES;
				SDKROOT = iphoneos;
				SWIFT_ACTIVE_COMPILATION_CONDITIONS = DEBUG;
				SWIFT_OPTIMIZATION_LEVEL = "-Onone";
			};
			name = Debug;
		};
		047688A4256DDC67005ABF79 /* Release */ = {
			isa = XCBuildConfiguration;
			buildSettings = {
				ALWAYS_SEARCH_USER_PATHS = NO;
				CLANG_ANALYZER_NONNULL = YES;
				CLANG_ANALYZER_NUMBER_OBJECT_CONVERSION = YES_AGGRESSIVE;
				CLANG_CXX_LANGUAGE_STANDARD = "gnu++14";
				CLANG_CXX_LIBRARY = "libc++";
				CLANG_ENABLE_MODULES = YES;
				CLANG_ENABLE_OBJC_ARC = YES;
				CLANG_ENABLE_OBJC_WEAK = YES;
				CLANG_WARN_BLOCK_CAPTURE_AUTORELEASING = YES;
				CLANG_WARN_BOOL_CONVERSION = YES;
				CLANG_WARN_COMMA = YES;
				CLANG_WARN_CONSTANT_CONVERSION = YES;
				CLANG_WARN_DEPRECATED_OBJC_IMPLEMENTATIONS = YES;
				CLANG_WARN_DIRECT_OBJC_ISA_USAGE = YES_ERROR;
				CLANG_WARN_DOCUMENTATION_COMMENTS = YES;
				CLANG_WARN_EMPTY_BODY = YES;
				CLANG_WARN_ENUM_CONVERSION = YES;
				CLANG_WARN_INFINITE_RECURSION = YES;
				CLANG_WARN_INT_CONVERSION = YES;
				CLANG_WARN_NON_LITERAL_NULL_CONVERSION = YES;
				CLANG_WARN_OBJC_IMPLICIT_RETAIN_SELF = YES;
				CLANG_WARN_OBJC_LITERAL_CONVERSION = YES;
				CLANG_WARN_OBJC_ROOT_CLASS = YES_ERROR;
				CLANG_WARN_QUOTED_INCLUDE_IN_FRAMEWORK_HEADER = YES;
				CLANG_WARN_RANGE_LOOP_ANALYSIS = YES;
				CLANG_WARN_STRICT_PROTOTYPES = YES;
				CLANG_WARN_SUSPICIOUS_MOVE = YES;
				CLANG_WARN_UNGUARDED_AVAILABILITY = YES_AGGRESSIVE;
				CLANG_WARN_UNREACHABLE_CODE = YES;
				CLANG_WARN__DUPLICATE_METHOD_MATCH = YES;
				COPY_PHASE_STRIP = NO;
				DEBUG_INFORMATION_FORMAT = "dwarf-with-dsym";
				ENABLE_NS_ASSERTIONS = NO;
				ENABLE_STRICT_OBJC_MSGSEND = YES;
				GCC_C_LANGUAGE_STANDARD = gnu11;
				GCC_NO_COMMON_BLOCKS = YES;
				GCC_WARN_64_TO_32_BIT_CONVERSION = YES;
				GCC_WARN_ABOUT_RETURN_TYPE = YES_ERROR;
				GCC_WARN_UNDECLARED_SELECTOR = YES;
				GCC_WARN_UNINITIALIZED_AUTOS = YES_AGGRESSIVE;
				GCC_WARN_UNUSED_FUNCTION = YES;
				GCC_WARN_UNUSED_VARIABLE = YES;
				IPHONEOS_DEPLOYMENT_TARGET = 14.2;
				MTL_ENABLE_DEBUG_INFO = NO;
				MTL_FAST_MATH = YES;
				SDKROOT = iphoneos;
				SWIFT_COMPILATION_MODE = wholemodule;
				SWIFT_OPTIMIZATION_LEVEL = "-O";
				VALIDATE_PRODUCT = YES;
			};
			name = Release;
		};
		047688A6256DDC67005ABF79 /* Debug */ = {
			isa = XCBuildConfiguration;
			baseConfigurationReference = C78A295FA52120D387F53EDF /* Pods-NoteTaker.debug.xcconfig */;
			buildSettings = {
				ASSETCATALOG_COMPILER_APPICON_NAME = AppIcon;
				ASSETCATALOG_COMPILER_GLOBAL_ACCENT_COLOR_NAME = AccentColor;
				CODE_SIGN_STYLE = Automatic;
				DEVELOPMENT_ASSET_PATHS = "\"NoteTaker/Preview Content\"";
				ENABLE_PREVIEWS = YES;
				INFOPLIST_FILE = NoteTaker/Info.plist;
				IPHONEOS_DEPLOYMENT_TARGET = 14.0;
				LD_RUNPATH_SEARCH_PATHS = (
					"$(inherited)",
					"@executable_path/Frameworks",
				);
				PRODUCT_BUNDLE_IDENTIFIER = com.hungr.NoteTaker;
				PRODUCT_NAME = "$(TARGET_NAME)";
				SWIFT_VERSION = 5.0;
				TARGETED_DEVICE_FAMILY = "1,2";
			};
			name = Debug;
		};
		047688A7256DDC67005ABF79 /* Release */ = {
			isa = XCBuildConfiguration;
			baseConfigurationReference = AD215ED13AA6439090B825FD /* Pods-NoteTaker.release.xcconfig */;
			buildSettings = {
				ASSETCATALOG_COMPILER_APPICON_NAME = AppIcon;
				ASSETCATALOG_COMPILER_GLOBAL_ACCENT_COLOR_NAME = AccentColor;
				CODE_SIGN_STYLE = Automatic;
				DEVELOPMENT_ASSET_PATHS = "\"NoteTaker/Preview Content\"";
				ENABLE_PREVIEWS = YES;
				INFOPLIST_FILE = NoteTaker/Info.plist;
				IPHONEOS_DEPLOYMENT_TARGET = 14.0;
				LD_RUNPATH_SEARCH_PATHS = (
					"$(inherited)",
					"@executable_path/Frameworks",
				);
				PRODUCT_BUNDLE_IDENTIFIER = com.hungr.NoteTaker;
				PRODUCT_NAME = "$(TARGET_NAME)";
				SWIFT_VERSION = 5.0;
				TARGETED_DEVICE_FAMILY = "1,2";
			};
			name = Release;
		};
/* End XCBuildConfiguration section */

/* Begin XCConfigurationList section */
		04768891256DDC62005ABF79 /* Build configuration list for PBXProject "NoteTaker" */ = {
			isa = XCConfigurationList;
			buildConfigurations = (
				047688A3256DDC67005ABF79 /* Debug */,
				047688A4256DDC67005ABF79 /* Release */,
			);
			defaultConfigurationIsVisible = 0;
			defaultConfigurationName = Release;
		};
		047688A5256DDC67005ABF79 /* Build configuration list for PBXNativeTarget "NoteTaker" */ = {
			isa = XCConfigurationList;
			buildConfigurations = (
				047688A6256DDC67005ABF79 /* Debug */,
				047688A7256DDC67005ABF79 /* Release */,
			);
			defaultConfigurationIsVisible = 0;
			defaultConfigurationName = Release;
		};
/* End XCConfigurationList section */
	};
	rootObject = 0476888E256DDC62005ABF79 /* Project object */;
}
